{
  "name": "kb-orchestration",
  "version": "0.1.0",
  "lockfileVersion": 3,
  "requires": true,
  "packages": {
    "": {
      "name": "kb-orchestration",
      "version": "0.1.0",
      "license": "MIT",
      "dependencies": {
        "dotenv": "^16.4.5",
        "node-fetch": "^3.3.2"
      }
    },
    "node_modules/dotenv": {
      "version": "16.4.5",
      "resolved": "https://registry.npmjs.org/dotenv/-/dotenv-16.4.5.tgz",
      "integrity": "sha512-Rnkb5jv3kYShDQ8zDAtFUMYq5xY1LhRr7i9syaLW6Q2bm3GJklB7d7G2EbIBsdL1hvuM5jqehh4uBMt1EnIhPQ==",
      "engines": {
        "node": ">=12"
      }
    },
    "node_modules/node-fetch": {
      "version": "3.3.2",
      "resolved": "https://registry.npmjs.org/node-fetch/-/node-fetch-3.3.2.tgz",
      "integrity": "sha512-dtW0M1YvJX+X8p7E3CrS1ENYtDY9gq12t9M4Tz7eQ0tQ1Oao8+3VkfM1gG3C1nIVh3QZ1dOhOD14QFETbsrJJQ==",
      "engines": {
        "node": "^12.20.0 || ^14.13.1 || >=16.0.0"
      },
      "dependencies": {
        "data-uri-to-buffer": "^4.0.0",
        "fetch-blob": "^3.1.4",
        "formdata-polyfill": "^4.0.10"
      }
    },
    "node_modules/data-uri-to-buffer": {
      "version": "4.0.1",
      "resolved": "https://registry.npmjs.org/data-uri-to-buffer/-/data-uri-to-buffer-4.0.1.tgz",
      "integrity": "sha512-ENjd2bW8z2sVLXEj9gWXBENoVjB+07GaZCw00N+Q7nqu5R3CbU+c8xZl5HHdknrBsX46Qp4A3raY7xCjXQ8VOQ=="
    },
    "node_modules/fetch-blob": {
      "version": "3.2.0",
      "resolved": "https://registry.npmjs.org/fetch-blob/-/fetch-blob-3.2.0.tgz",
      "integrity": "sha512-7X2gCzg9S9ufjC6Kuq6VJwBjqfw5x0kF+yqqc4N5C9+BSfctZVh3gAc7Sm4nt4pN0aJt5WVE9fFhj/jW7u1gVQ==",
      "dependencies": {
        "node-domexception": "^1.0.0",
        "web-streams-polyfill": "^3.0.3"
      },
      "engines": {
        "node": "^12.20.0 || ^14.13.1 || >=16.0.0"
      }
    },
    "node_modules/formdata-polyfill": {
      "version": "4.0.10",
      "resolved": "https://registry.npmjs.org/formdata-polyfill/-/formdata-polyfill-4.0.10.tgz",
      "integrity": "sha512-bFgNAp/z1K6nwdqWxOiDlpdYcCMpNnuPY7NZi0zzP2t3uodjnc0W+XQwgu9TT4KgNfVQWZu4HL7pjfRZrR8z6g==",
      "dependencies": {
        "fetch-blob": "^3.1.2"
      },
      "engines": {
        "node": ">=12.20.0"
      }
    },
    "node_modules/node-domexception": {
      "version": "1.0.0",
      "resolved": "https://registry.npmjs.org/node-domexception/-/node-domexception-1.0.0.tgz",
      "integrity": "sha512-WK81wC1nqt2LjdV+kM6k6Hik3Dd6M2gfKcdQOrjp0xN5P3cXkRssCVO+UKijzK3IM1O4ZCkT3NB7zUGogmBIFQ==",
      "engines": {
        "node": ">=10.5.0"
      }
    },
    "node_modules/web-streams-polyfill": {
      "version": "3.2.1",
      "resolved": "https://registry.npmjs.org/web-streams-polyfill/-/web-streams-polyfill-3.2.1.tgz",
      "integrity": "sha512-e0MO3wdXWKrLbL0DgVGZi7pNtd6A7MB0r6yfrA4etaiKwXhCBvuFBY8jIn3sUZsPq3P2VZz47oa1hD0j7oq48g==",
      "engines": {
        "node": ">=8"
      }
    }
  }
}
